{
  "name": "@alawein/aw-devkit",
  "version": "0.1.0",
  "lockfileVersion": 3,
  "requires": true,
  "packages": {
    "": {
      "name": "@alawein/aw-devkit",
      "version": "0.1.0",
      "license": "MIT",
      "bin": {
        "aw-download-fonts": "bin/aw-download-fonts.js",
        "aw-new-theme": "bin/aw-new-theme.js"
      }
    }
  }
}
